
Microsoft Visual Studio Solution File, Format Version 12.00
# Visual Studio Version 16
VisualStudioVersion = 16.0.29905.134
MinimumVisualStudioVersion = 10.0.40219.1
Project("{FAE04EC0-301F-11D3-BF4B-00C04F79EFBC}") = "Domain", "CompositeDulcesYmas\Domain.csproj", "{7CAB5300-5B26-41D3-A9E8-BD77E96196F8}"
EndProject
Project("{FAE04EC0-301F-11D3-BF4B-00C04F79EFBC}") = "DomainTest", "DomainTest\DomainTest.csproj", "{715D4A3C-1F56-4475-AE68-49503086516A}"
EndProject
Global
	GlobalSection(SolutionConfigurationPlatforms) = preSolution
		Debug|Any CPU = Debug|Any CPU
		Release|Any CPU = Release|Any CPU
	EndGlobalSection
	GlobalSection(ProjectConfigurationPlatforms) = postSolution
		{7CAB5300-5B26-41D3-A9E8-BD77E96196F8}.Debug|Any CPU.ActiveCfg = Debug|Any CPU
		{7CAB5300-5B26-41D3-A9E8-BD77E96196F8}.Debug|Any CPU.Build.0 = Debug|Any CPU
		{7CAB5300-5B26-41D3-A9E8-BD77E96196F8}.Release|Any CPU.ActiveCfg = Release|Any CPU
		{7CAB5300-5B26-41D3-A9E8-BD77E96196F8}.Release|Any CPU.Build.0 = Release|Any CPU
		{715D4A3C-1F56-4475-AE68-49503086516A}.Debug|Any CPU.ActiveCfg = Debug|Any CPU
		{715D4A3C-1F56-4475-AE68-49503086516A}.Debug|Any CPU.Build.0 = Debug|Any CPU
		{715D4A3C-1F56-4475-AE68-49503086516A}.Release|Any CPU.ActiveCfg = Release|Any CPU
		{715D4A3C-1F56-4475-AE68-49503086516A}.Release|Any CPU.Build.0 = Release|Any CPU
	EndGlobalSection
	GlobalSection(SolutionProperties) = preSolution
		HideSolutionNode = FALSE
	EndGlobalSection
	GlobalSection(ExtensibilityGlobals) = postSolution
		SolutionGuid = {5425625C-87D0-4084-9CF1-76347A96D8AA}
	EndGlobalSection
EndGlobal
